
Microsoft Visual Studio Solution File, Format Version 12.00
# Visual Studio Version 16
VisualStudioVersion = 16.0.31229.75
MinimumVisualStudioVersion = 10.0.40219.1
Project("{FAE04EC0-301F-11D3-BF4B-00C04F79EFBC}") = "Astoria Package Installer", "Astoria Package Installer\Astoria Package Installer.csproj", "{CDACFC08-A43E-443D-8352-E8D4CCC6DCDD}"
EndProject
Global
	GlobalSection(SolutionConfigurationPlatforms) = preSolution
		Debug|ARM = Debug|ARM
		Debug|ARM64 = Debug|ARM64
		Debug|x64 = Debug|x64
		Debug|x86 = Debug|x86
		Release|ARM = Release|ARM
		Release|ARM64 = Release|ARM64
		Release|x64 = Release|x64
		Release|x86 = Release|x86
	EndGlobalSection
	GlobalSection(ProjectConfigurationPlatforms) = postSolution
		{CDACFC08-A43E-443D-8352-E8D4CCC6DCDD}.Debug|ARM.ActiveCfg = Debug|ARM
		{CDACFC08-A43E-443D-8352-E8D4CCC6DCDD}.Debug|ARM.Build.0 = Debug|ARM
		{CDACFC08-A43E-443D-8352-E8D4CCC6DCDD}.Debug|ARM.Deploy.0 = Debug|ARM
		{CDACFC08-A43E-443D-8352-E8D4CCC6DCDD}.Debug|ARM64.ActiveCfg = Debug|ARM64
		{CDACFC08-A43E-443D-8352-E8D4CCC6DCDD}.Debug|ARM64.Build.0 = Debug|ARM64
		{CDACFC08-A43E-443D-8352-E8D4CCC6DCDD}.Debug|ARM64.Deploy.0 = Debug|ARM64
		{CDACFC08-A43E-443D-8352-E8D4CCC6DCDD}.Debug|x64.ActiveCfg = Debug|x64
		{CDACFC08-A43E-443D-8352-E8D4CCC6DCDD}.Debug|x64.Build.0 = Debug|x64
		{CDACFC08-A43E-443D-8352-E8D4CCC6DCDD}.Debug|x64.Deploy.0 = Debug|x64
		{CDACFC08-A43E-443D-8352-E8D4CCC6DCDD}.Debug|x86.ActiveCfg = Debug|x86
		{CDACFC08-A43E-443D-8352-E8D4CCC6DCDD}.Debug|x86.Build.0 = Debug|x86
		{CDACFC08-A43E-443D-8352-E8D4CCC6DCDD}.Debug|x86.Deploy.0 = Debug|x86
		{CDACFC08-A43E-443D-8352-E8D4CCC6DCDD}.Release|ARM.ActiveCfg = Release|ARM
		{CDACFC08-A43E-443D-8352-E8D4CCC6DCDD}.Release|ARM.Build.0 = Release|ARM
		{CDACFC08-A43E-443D-8352-E8D4CCC6DCDD}.Release|ARM.Deploy.0 = Release|ARM
		{CDACFC08-A43E-443D-8352-E8D4CCC6DCDD}.Release|ARM64.ActiveCfg = Release|ARM64
		{CDACFC08-A43E-443D-8352-E8D4CCC6DCDD}.Release|ARM64.Build.0 = Release|ARM64
		{CDACFC08-A43E-443D-8352-E8D4CCC6DCDD}.Release|ARM64.Deploy.0 = Release|ARM64
		{CDACFC08-A43E-443D-8352-E8D4CCC6DCDD}.Release|x64.ActiveCfg = Release|x64
		{CDACFC08-A43E-443D-8352-E8D4CCC6DCDD}.Release|x64.Build.0 = Release|x64
		{CDACFC08-A43E-443D-8352-E8D4CCC6DCDD}.Release|x64.Deploy.0 = Release|x64
		{CDACFC08-A43E-443D-8352-E8D4CCC6DCDD}.Release|x86.ActiveCfg = Release|x86
		{CDACFC08-A43E-443D-8352-E8D4CCC6DCDD}.Release|x86.Build.0 = Release|x86
		{CDACFC08-A43E-443D-8352-E8D4CCC6DCDD}.Release|x86.Deploy.0 = Release|x86
	EndGlobalSection
	GlobalSection(SolutionProperties) = preSolution
		HideSolutionNode = FALSE
	EndGlobalSection
	GlobalSection(ExtensibilityGlobals) = postSolution
		SolutionGuid = {F7A6467D-DB98-4370-B34E-5C6C6A43A719}
	EndGlobalSection
EndGlobal
